
Microsoft Visual Studio Solution File, Format Version 12.00
# Visual Studio Version 16
VisualStudioVersion = 16.0.29721.120
MinimumVisualStudioVersion = 10.0.40219.1
Project("{FAE04EC0-301F-11D3-BF4B-00C04F79EFBC}") = "SevenZipWrap", "SevenZipWrap\SevenZipWrap.csproj", "{C4DA1196-3C8F-4C17-9D11-103CBBCFEA06}"
EndProject
Project("{FAE04EC0-301F-11D3-BF4B-00C04F79EFBC}") = "SevenZipWrap.Test", "SevenZipWrap.Test\SevenZipWrap.Test.csproj", "{256C8FFD-9433-449A-B445-ACEB4D429762}"
EndProject
Global
	GlobalSection(SolutionConfigurationPlatforms) = preSolution
		Debug|Any CPU = Debug|Any CPU
		Release|Any CPU = Release|Any CPU
	EndGlobalSection
	GlobalSection(ProjectConfigurationPlatforms) = postSolution
		{C4DA1196-3C8F-4C17-9D11-103CBBCFEA06}.Debug|Any CPU.ActiveCfg = Debug|Any CPU
		{C4DA1196-3C8F-4C17-9D11-103CBBCFEA06}.Debug|Any CPU.Build.0 = Debug|Any CPU
		{C4DA1196-3C8F-4C17-9D11-103CBBCFEA06}.Release|Any CPU.ActiveCfg = Release|Any CPU
		{C4DA1196-3C8F-4C17-9D11-103CBBCFEA06}.Release|Any CPU.Build.0 = Release|Any CPU
		{256C8FFD-9433-449A-B445-ACEB4D429762}.Debug|Any CPU.ActiveCfg = Debug|Any CPU
		{256C8FFD-9433-449A-B445-ACEB4D429762}.Debug|Any CPU.Build.0 = Debug|Any CPU
		{256C8FFD-9433-449A-B445-ACEB4D429762}.Release|Any CPU.ActiveCfg = Release|Any CPU
		{256C8FFD-9433-449A-B445-ACEB4D429762}.Release|Any CPU.Build.0 = Release|Any CPU
	EndGlobalSection
	GlobalSection(SolutionProperties) = preSolution
		HideSolutionNode = FALSE
	EndGlobalSection
	GlobalSection(ExtensibilityGlobals) = postSolution
		SolutionGuid = {E6A70B94-C62C-4262-8E58-70D45017AEB7}
	EndGlobalSection
EndGlobal
